
Microsoft Visual Studio Solution File, Format Version 12.00
# Visual Studio Version 17
VisualStudioVersion = 17.5.33516.290
MinimumVisualStudioVersion = 10.0.40219.1
Project("{9A19103F-16F7-4668-BE54-9A1E7A4F7556}") = "AV00", "AV00.csproj", "{D7534BDC-6037-4292-A640-231BA9D0F095}"
EndProject
Project("{9A19103F-16F7-4668-BE54-9A1E7A4F7556}") = "IOT-Tools", "..\IOT-Tools\IOT-Tools.csproj", "{155470EA-F153-4321-AED8-E4363C3F4201}"
EndProject
Project("{9A19103F-16F7-4668-BE54-9A1E7A4F7556}") = "AV00-Transport", "..\AV00-Transport\AV00-Transport.csproj", "{53585EDD-5C2A-49A9-AA1B-EA54F038B54A}"
EndProject
Project("{9A19103F-16F7-4668-BE54-9A1E7A4F7556}") = "AV00-Shared", "..\AV00-Shared\AV00-Shared.csproj", "{300916B5-B470-44D3-9F9C-691811135D11}"
EndProject
Global
	GlobalSection(SolutionConfigurationPlatforms) = preSolution
		Debug|Any CPU = Debug|Any CPU
		Release|Any CPU = Release|Any CPU
	EndGlobalSection
	GlobalSection(ProjectConfigurationPlatforms) = postSolution
		{D7534BDC-6037-4292-A640-231BA9D0F095}.Debug|Any CPU.ActiveCfg = Debug|Any CPU
		{D7534BDC-6037-4292-A640-231BA9D0F095}.Debug|Any CPU.Build.0 = Debug|Any CPU
		{D7534BDC-6037-4292-A640-231BA9D0F095}.Release|Any CPU.ActiveCfg = Release|Any CPU
		{D7534BDC-6037-4292-A640-231BA9D0F095}.Release|Any CPU.Build.0 = Release|Any CPU
		{155470EA-F153-4321-AED8-E4363C3F4201}.Debug|Any CPU.ActiveCfg = Debug|Any CPU
		{155470EA-F153-4321-AED8-E4363C3F4201}.Debug|Any CPU.Build.0 = Debug|Any CPU
		{155470EA-F153-4321-AED8-E4363C3F4201}.Release|Any CPU.ActiveCfg = Release|Any CPU
		{155470EA-F153-4321-AED8-E4363C3F4201}.Release|Any CPU.Build.0 = Release|Any CPU
		{53585EDD-5C2A-49A9-AA1B-EA54F038B54A}.Debug|Any CPU.ActiveCfg = Debug|Any CPU
		{53585EDD-5C2A-49A9-AA1B-EA54F038B54A}.Debug|Any CPU.Build.0 = Debug|Any CPU
		{53585EDD-5C2A-49A9-AA1B-EA54F038B54A}.Release|Any CPU.ActiveCfg = Release|Any CPU
		{53585EDD-5C2A-49A9-AA1B-EA54F038B54A}.Release|Any CPU.Build.0 = Release|Any CPU
		{300916B5-B470-44D3-9F9C-691811135D11}.Debug|Any CPU.ActiveCfg = Debug|Any CPU
		{300916B5-B470-44D3-9F9C-691811135D11}.Debug|Any CPU.Build.0 = Debug|Any CPU
		{300916B5-B470-44D3-9F9C-691811135D11}.Release|Any CPU.ActiveCfg = Release|Any CPU
		{300916B5-B470-44D3-9F9C-691811135D11}.Release|Any CPU.Build.0 = Release|Any CPU
	EndGlobalSection
	GlobalSection(SolutionProperties) = preSolution
		HideSolutionNode = FALSE
	EndGlobalSection
	GlobalSection(ExtensibilityGlobals) = postSolution
		SolutionGuid = {D7E55B60-C557-4E41-AF31-8E99BF753176}
	EndGlobalSection
EndGlobal
